// !$*UTF8*$!
{
	archiveVersion = 1;
	classes = {
	};
	objectVersion = 56;
	objects = {

/* Begin PBXBuildFile section */
		A10001 /* FaceFitARApp.swift in Sources */ = {isa = PBXBuildFile; fileRef = B10001 /* FaceFitARApp.swift */; };
		A10002 /* Color+Theme.swift in Sources */ = {isa = PBXBuildFile; fileRef = B10002 /* Color+Theme.swift */; };
		A10003 /* AppUser.swift in Sources */ = {isa = PBXBuildFile; fileRef = B10003 /* AppUser.swift */; };
		A10004 /* FilterModel.swift in Sources */ = {isa = PBXBuildFile; fileRef = B10004 /* FilterModel.swift */; };
		A10005 /* FaceFilterNode.swift in Sources */ = {isa = PBXBuildFile; fileRef = B10005 /* FaceFilterNode.swift */; };
		A10006 /* AuthViewModel.swift in Sources */ = {isa = PBXBuildFile; fileRef = B10006 /* AuthViewModel.swift */; };
		A10007 /* CameraViewModel.swift in Sources */ = {isa = PBXBuildFile; fileRef = B10007 /* CameraViewModel.swift */; };
		A10008 /* MediaViewModel.swift in Sources */ = {isa = PBXBuildFile; fileRef = B10008 /* MediaViewModel.swift */; };
		A10009 /* FirestoreService.swift in Sources */ = {isa = PBXBuildFile; fileRef = B10009 /* FirestoreService.swift */; };
		A10010 /* PhotoLibraryService.swift in Sources */ = {isa = PBXBuildFile; fileRef = B10010 /* PhotoLibraryService.swift */; };
		A10020 /* VideoRecordingService.swift in Sources */ = {isa = PBXBuildFile; fileRef = B10021 /* VideoRecordingService.swift */; };
		A10011 /* InputField.swift in Sources */ = {isa = PBXBuildFile; fileRef = B10011 /* InputField.swift */; };
		A10012 /* PrimaryButton.swift in Sources */ = {isa = PBXBuildFile; fileRef = B10012 /* PrimaryButton.swift */; };
		A10013 /* LoginView.swift in Sources */ = {isa = PBXBuildFile; fileRef = B10013 /* LoginView.swift */; };
		A10014 /* SignUpView.swift in Sources */ = {isa = PBXBuildFile; fileRef = B10014 /* SignUpView.swift */; };
		A10015 /* ARViewContainer.swift in Sources */ = {isa = PBXBuildFile; fileRef = B10015 /* ARViewContainer.swift */; };
		A10016 /* CameraView.swift in Sources */ = {isa = PBXBuildFile; fileRef = B10016 /* CameraView.swift */; };
		A10017 /* FilterSelectorView.swift in Sources */ = {isa = PBXBuildFile; fileRef = B10017 /* FilterSelectorView.swift */; };
		A10018 /* PhotoPreviewView.swift in Sources */ = {isa = PBXBuildFile; fileRef = B10018 /* PhotoPreviewView.swift */; };
		A10022 /* VideoPreviewView.swift in Sources */ = {isa = PBXBuildFile; fileRef = B10022 /* VideoPreviewView.swift */; };
		A10019 /* Assets.xcassets in Resources */ = {isa = PBXBuildFile; fileRef = B10019 /* Assets.xcassets */; };
		A10030 /* FirebaseAuth in Frameworks */ = {isa = PBXBuildFile; productRef = D10001 /* FirebaseAuth */; };
		A10031 /* FirebaseFirestore in Frameworks */ = {isa = PBXBuildFile; productRef = D10002 /* FirebaseFirestore */; };
		A10032 /* FirebaseCore in Frameworks */ = {isa = PBXBuildFile; productRef = D10003 /* FirebaseCore */; };
		B49A19D92F5D4715000A3877 /* GoogleService-Info.plist in Resources */ = {isa = PBXBuildFile; fileRef = B49A19D82F5D4715000A3877 /* GoogleService-Info.plist */; };
/* End PBXBuildFile section */

/* Begin PBXFileReference section */
		B10001 /* FaceFitARApp.swift */ = {isa = PBXFileReference; lastKnownFileType = sourcecode.swift; path = FaceFitARApp.swift; sourceTree = "<group>"; };
		B10002 /* Color+Theme.swift */ = {isa = PBXFileReference; lastKnownFileType = sourcecode.swift; path = "Color+Theme.swift"; sourceTree = "<group>"; };
		B10003 /* AppUser.swift */ = {isa = PBXFileReference; lastKnownFileType = sourcecode.swift; path = AppUser.swift; sourceTree = "<group>"; };
		B10004 /* FilterModel.swift */ = {isa = PBXFileReference; lastKnownFileType = sourcecode.swift; path = FilterModel.swift; sourceTree = "<group>"; };
		B10005 /* FaceFilterNode.swift */ = {isa = PBXFileReference; lastKnownFileType = sourcecode.swift; path = FaceFilterNode.swift; sourceTree = "<group>"; };
		B10006 /* AuthViewModel.swift */ = {isa = PBXFileReference; lastKnownFileType = sourcecode.swift; path = AuthViewModel.swift; sourceTree = "<group>"; };
		B10007 /* CameraViewModel.swift */ = {isa = PBXFileReference; lastKnownFileType = sourcecode.swift; path = CameraViewModel.swift; sourceTree = "<group>"; };
		B10008 /* MediaViewModel.swift */ = {isa = PBXFileReference; lastKnownFileType = sourcecode.swift; path = MediaViewModel.swift; sourceTree = "<group>"; };
		B10009 /* FirestoreService.swift */ = {isa = PBXFileReference; lastKnownFileType = sourcecode.swift; path = FirestoreService.swift; sourceTree = "<group>"; };
		B10010 /* PhotoLibraryService.swift */ = {isa = PBXFileReference; lastKnownFileType = sourcecode.swift; path = PhotoLibraryService.swift; sourceTree = "<group>"; };
		B10021 /* VideoRecordingService.swift */ = {isa = PBXFileReference; lastKnownFileType = sourcecode.swift; path = VideoRecordingService.swift; sourceTree = "<group>"; };
		B10011 /* InputField.swift */ = {isa = PBXFileReference; lastKnownFileType = sourcecode.swift; path = InputField.swift; sourceTree = "<group>"; };
		B10012 /* PrimaryButton.swift */ = {isa = PBXFileReference; lastKnownFileType = sourcecode.swift; path = PrimaryButton.swift; sourceTree = "<group>"; };
		B10013 /* LoginView.swift */ = {isa = PBXFileReference; lastKnownFileType = sourcecode.swift; path = LoginView.swift; sourceTree = "<group>"; };
		B10014 /* SignUpView.swift */ = {isa = PBXFileReference; lastKnownFileType = sourcecode.swift; path = SignUpView.swift; sourceTree = "<group>"; };
		B10015 /* ARViewContainer.swift */ = {isa = PBXFileReference; lastKnownFileType = sourcecode.swift; path = ARViewContainer.swift; sourceTree = "<group>"; };
		B10016 /* CameraView.swift */ = {isa = PBXFileReference; lastKnownFileType = sourcecode.swift; path = CameraView.swift; sourceTree = "<group>"; };
		B10017 /* FilterSelectorView.swift */ = {isa = PBXFileReference; lastKnownFileType = sourcecode.swift; path = FilterSelectorView.swift; sourceTree = "<group>"; };
		B10018 /* PhotoPreviewView.swift */ = {isa = PBXFileReference; lastKnownFileType = sourcecode.swift; path = PhotoPreviewView.swift; sourceTree = "<group>"; };
		B10022 /* VideoPreviewView.swift */ = {isa = PBXFileReference; lastKnownFileType = sourcecode.swift; path = VideoPreviewView.swift; sourceTree = "<group>"; };
		B10019 /* Assets.xcassets */ = {isa = PBXFileReference; lastKnownFileType = folder.assetcatalog; path = Assets.xcassets; sourceTree = "<group>"; };
		B10020 /* Info.plist */ = {isa = PBXFileReference; lastKnownFileType = text.plist.xml; path = Info.plist; sourceTree = "<group>"; };
		B49A19D82F5D4715000A3877 /* GoogleService-Info.plist */ = {isa = PBXFileReference; lastKnownFileType = text.plist.xml; path = "GoogleService-Info.plist"; sourceTree = "<group>"; };
		C10001 /* FaceFitAR.app */ = {isa = PBXFileReference; explicitFileType = wrapper.application; includeInIndex = 0; path = FaceFitAR.app; sourceTree = BUILT_PRODUCTS_DIR; };
/* End PBXFileReference section */

/* Begin PBXFrameworksBuildPhase section */
		F10001 /* Frameworks */ = {
			isa = PBXFrameworksBuildPhase;
			buildActionMask = 2147483647;
			files = (
				A10030 /* FirebaseAuth in Frameworks */,
				A10031 /* FirebaseFirestore in Frameworks */,
				A10032 /* FirebaseCore in Frameworks */,
			);
			runOnlyForDeploymentPostprocessing = 0;
		};
/* End PBXFrameworksBuildPhase section */

/* Begin PBXGroup section */
		G10001 = {
			isa = PBXGroup;
			children = (
				G10002 /* FaceFitAR */,
				G10012 /* Products */,
			);
			sourceTree = "<group>";
		};
		G10002 /* FaceFitAR */ = {
			isa = PBXGroup;
			children = (
				B49A19D82F5D4715000A3877 /* GoogleService-Info.plist */,
				B10001 /* FaceFitARApp.swift */,
				B10020 /* Info.plist */,
				B10019 /* Assets.xcassets */,
				G10003 /* Models */,
				G10004 /* ViewModels */,
				G10005 /* Views */,
				G10009 /* Services */,
				G10010 /* Filters */,
				G10011 /* Extensions */,
			);
			path = FaceFitAR;
			sourceTree = "<group>";
		};
		G10003 /* Models */ = {
			isa = PBXGroup;
			children = (
				B10003 /* AppUser.swift */,
				B10004 /* FilterModel.swift */,
			);
			path = Models;
			sourceTree = "<group>";
		};
		G10004 /* ViewModels */ = {
			isa = PBXGroup;
			children = (
				B10006 /* AuthViewModel.swift */,
				B10007 /* CameraViewModel.swift */,
				B10008 /* MediaViewModel.swift */,
			);
			path = ViewModels;
			sourceTree = "<group>";
		};
		G10005 /* Views */ = {
			isa = PBXGroup;
			children = (
				G10006 /* Auth */,
				G10007 /* Camera */,
				G10008 /* Gallery */,
				G10013 /* Components */,
			);
			path = Views;
			sourceTree = "<group>";
		};
		G10006 /* Auth */ = {
			isa = PBXGroup;
			children = (
				B10013 /* LoginView.swift */,
				B10014 /* SignUpView.swift */,
			);
			path = Auth;
			sourceTree = "<group>";
		};
		G10007 /* Camera */ = {
			isa = PBXGroup;
			children = (
				B10015 /* ARViewContainer.swift */,
				B10016 /* CameraView.swift */,
				B10017 /* FilterSelectorView.swift */,
			);
			path = Camera;
			sourceTree = "<group>";
		};
		G10008 /* Gallery */ = {
			isa = PBXGroup;
			children = (
				B10018 /* PhotoPreviewView.swift */,
				B10022 /* VideoPreviewView.swift */,
			);
			path = Gallery;
			sourceTree = "<group>";
		};
		G10009 /* Services */ = {
			isa = PBXGroup;
			children = (
				B10009 /* FirestoreService.swift */,
				B10010 /* PhotoLibraryService.swift */,
				B10021 /* VideoRecordingService.swift */,
			);
			path = Services;
			sourceTree = "<group>";
		};
		G10010 /* Filters */ = {
			isa = PBXGroup;
			children = (
				B10005 /* FaceFilterNode.swift */,
			);
			path = Filters;
			sourceTree = "<group>";
		};
		G10011 /* Extensions */ = {
			isa = PBXGroup;
			children = (
				B10002 /* Color+Theme.swift */,
			);
			path = Extensions;
			sourceTree = "<group>";
		};
		G10012 /* Products */ = {
			isa = PBXGroup;
			children = (
				C10001 /* FaceFitAR.app */,
			);
			name = Products;
			sourceTree = "<group>";
		};
		G10013 /* Components */ = {
			isa = PBXGroup;
			children = (
				B10011 /* InputField.swift */,
				B10012 /* PrimaryButton.swift */,
			);
			path = Components;
			sourceTree = "<group>";
		};
/* End PBXGroup section */

/* Begin PBXNativeTarget section */
		T10001 /* FaceFitAR */ = {
			isa = PBXNativeTarget;
			buildConfigurationList = X10003 /* Build configuration list for PBXNativeTarget "FaceFitAR" */;
			buildPhases = (
				S10001 /* Sources */,
				F10001 /* Frameworks */,
				R10001 /* Resources */,
			);
			buildRules = (
			);
			dependencies = (
			);
			name = FaceFitAR;
			packageProductDependencies = (
				D10001 /* FirebaseAuth */,
				D10002 /* FirebaseFirestore */,
				D10003 /* FirebaseCore */,
			);
			productName = FaceFitAR;
			productReference = C10001 /* FaceFitAR.app */;
			productType = "com.apple.product-type.application";
		};
/* End PBXNativeTarget section */

/* Begin PBXProject section */
		P10001 /* Project object */ = {
			isa = PBXProject;
			attributes = {
				BuildIndependentTargetsInParallel = 1;
				LastSwiftUpdateCheck = 1500;
				LastUpgradeCheck = 2620;
				TargetAttributes = {
					T10001 = {
						CreatedOnToolsVersion = 15.0;
					};
				};
			};
			buildConfigurationList = X10001 /* Build configuration list for PBXProject "FaceFitAR" */;
			compatibilityVersion = "Xcode 14.0";
			developmentRegion = en;
			hasScannedForEncodings = 0;
			knownRegions = (
				en,
				Base,
			);
			mainGroup = G10001;
			packageReferences = (
				E10001 /* XCRemoteSwiftPackageReference "firebase-ios-sdk" */,
			);
			productRefGroup = G10012 /* Products */;
			projectDirPath = "";
			projectRoot = "";
			targets = (
				T10001 /* FaceFitAR */,
			);
		};
/* End PBXProject section */

/* Begin PBXResourcesBuildPhase section */
		R10001 /* Resources */ = {
			isa = PBXResourcesBuildPhase;
			buildActionMask = 2147483647;
			files = (
				A10019 /* Assets.xcassets in Resources */,
				B49A19D92F5D4715000A3877 /* GoogleService-Info.plist in Resources */,
			);
			runOnlyForDeploymentPostprocessing = 0;
		};
/* End PBXResourcesBuildPhase section */

/* Begin PBXSourcesBuildPhase section */
		S10001 /* Sources */ = {
			isa = PBXSourcesBuildPhase;
			buildActionMask = 2147483647;
			files = (
				A10001 /* FaceFitARApp.swift in Sources */,
				A10002 /* Color+Theme.swift in Sources */,
				A10003 /* AppUser.swift in Sources */,
				A10004 /* FilterModel.swift in Sources */,
				A10005 /* FaceFilterNode.swift in Sources */,
				A10006 /* AuthViewModel.swift in Sources */,
				A10007 /* CameraViewModel.swift in Sources */,
				A10008 /* MediaViewModel.swift in Sources */,
				A10009 /* FirestoreService.swift in Sources */,
				A10010 /* PhotoLibraryService.swift in Sources */,
				A10011 /* InputField.swift in Sources */,
				A10012 /* PrimaryButton.swift in Sources */,
				A10013 /* LoginView.swift in Sources */,
				A10014 /* SignUpView.swift in Sources */,
				A10015 /* ARViewContainer.swift in Sources */,
				A10016 /* CameraView.swift in Sources */,
				A10017 /* FilterSelectorView.swift in Sources */,
				A10018 /* PhotoPreviewView.swift in Sources */,
				A10022 /* VideoPreviewView.swift in Sources */,
				A10020 /* VideoRecordingService.swift in Sources */,
			);
			runOnlyForDeploymentPostprocessing = 0;
		};
/* End PBXSourcesBuildPhase section */

/* Begin XCBuildConfiguration section */
		X10004 /* Debug */ = {
			isa = XCBuildConfiguration;
			buildSettings = {
				ALWAYS_SEARCH_USER_PATHS = NO;
				ASSETCATALOG_COMPILER_GENERATE_SWIFT_ASSET_SYMBOL_EXTENSIONS = YES;
				CLANG_ANALYZER_NONNULL = YES;
				CLANG_ANALYZER_NUMBER_OBJECT_CONVERSION = YES_AGGRESSIVE;
				CLANG_CXX_LANGUAGE_STANDARD = "gnu++20";
				CLANG_ENABLE_MODULES = YES;
				CLANG_ENABLE_OBJC_ARC = YES;
				CLANG_ENABLE_OBJC_WEAK = YES;
				CLANG_WARN_BLOCK_CAPTURE_AUTORELEASING = YES;
				CLANG_WARN_BOOL_CONVERSION = YES;
				CLANG_WARN_COMMA = YES;
				CLANG_WARN_CONSTANT_CONVERSION = YES;
				CLANG_WARN_DEPRECATED_OBJC_IMPLEMENTATIONS = YES;
				CLANG_WARN_DIRECT_OBJC_ISA_USAGE = YES_ERROR;
				CLANG_WARN_DOCUMENTATION_COMMENTS = YES;
				CLANG_WARN_EMPTY_BODY = YES;
				CLANG_WARN_ENUM_CONVERSION = YES;
				CLANG_WARN_INFINITE_RECURSION = YES;
				CLANG_WARN_INT_CONVERSION = YES;
				CLANG_WARN_NON_LITERAL_NULL_CONVERSION = YES;
				CLANG_WARN_OBJC_IMPLICIT_RETAIN_SELF = YES;
				CLANG_WARN_OBJC_LITERAL_CONVERSION = YES;
				CLANG_WARN_OBJC_ROOT_CLASS = YES_ERROR;
				CLANG_WARN_QUOTED_INCLUDE_IN_FRAMEWORK_HEADER = YES;
				CLANG_WARN_RANGE_LOOP_ANALYSIS = YES;
				CLANG_WARN_STRICT_PROTOTYPES = YES;
				CLANG_WARN_SUSPICIOUS_MOVE = YES;
				CLANG_WARN_UNGUARDED_AVAILABILITY = YES_AGGRESSIVE;
				CLANG_WARN_UNREACHABLE_CODE = YES;
				CLANG_WARN__DUPLICATE_METHOD_MATCH = YES;
				COPY_PHASE_STRIP = NO;
				DEBUG_INFORMATION_FORMAT = dwarf;
				DEVELOPMENT_TEAM = P2RZK63V8Y;
				ENABLE_STRICT_OBJC_MSGSEND = YES;
				ENABLE_TESTABILITY = YES;
				ENABLE_USER_SCRIPT_SANDBOXING = YES;
				GCC_C_LANGUAGE_STANDARD = gnu17;
				GCC_DYNAMIC_NO_PIC = NO;
				GCC_NO_COMMON_BLOCKS = YES;
				GCC_OPTIMIZATION_LEVEL = 0;
				GCC_PREPROCESSOR_DEFINITIONS = (
					"DEBUG=1",
					"$(inherited)",
				);
				GCC_WARN_64_TO_32_BIT_CONVERSION = YES;
				GCC_WARN_ABOUT_RETURN_TYPE = YES_ERROR;
				GCC_WARN_UNDECLARED_SELECTOR = YES;
				GCC_WARN_UNINITIALIZED_AUTOS = YES_AGGRESSIVE;
				GCC_WARN_UNUSED_FUNCTION = YES;
				GCC_WARN_UNUSED_VARIABLE = YES;
				IPHONEOS_DEPLOYMENT_TARGET = 17.0;
				LOCALIZATION_PREFERS_STRING_CATALOGS = YES;
				MTL_ENABLE_DEBUG_INFO = INCLUDE_SOURCE;
				MTL_FAST_MATH = YES;
				ONLY_ACTIVE_ARCH = YES;
				SDKROOT = iphoneos;
				STRING_CATALOG_GENERATE_SYMBOLS = YES;
				SWIFT_ACTIVE_COMPILATION_CONDITIONS = "DEBUG $(inherited)";
				SWIFT_OPTIMIZATION_LEVEL = "-Onone";
			};
			name = Debug;
		};
		X10005 /* Release */ = {
			isa = XCBuildConfiguration;
			buildSettings = {
				ALWAYS_SEARCH_USER_PATHS = NO;
				ASSETCATALOG_COMPILER_GENERATE_SWIFT_ASSET_SYMBOL_EXTENSIONS = YES;
				CLANG_ANALYZER_NONNULL = YES;
				CLANG_ANALYZER_NUMBER_OBJECT_CONVERSION = YES_AGGRESSIVE;
				CLANG_CXX_LANGUAGE_STANDARD = "gnu++20";
				CLANG_ENABLE_MODULES = YES;
				CLANG_ENABLE_OBJC_ARC = YES;
				CLANG_ENABLE_OBJC_WEAK = YES;
				CLANG_WARN_BLOCK_CAPTURE_AUTORELEASING = YES;
				CLANG_WARN_BOOL_CONVERSION = YES;
				CLANG_WARN_COMMA = YES;
				CLANG_WARN_CONSTANT_CONVERSION = YES;
				CLANG_WARN_DEPRECATED_OBJC_IMPLEMENTATIONS = YES;
				CLANG_WARN_DIRECT_OBJC_ISA_USAGE = YES_ERROR;
				CLANG_WARN_DOCUMENTATION_COMMENTS = YES;
				CLANG_WARN_EMPTY_BODY = YES;
				CLANG_WARN_ENUM_CONVERSION = YES;
				CLANG_WARN_INFINITE_RECURSION = YES;
				CLANG_WARN_INT_CONVERSION = YES;
				CLANG_WARN_NON_LITERAL_NULL_CONVERSION = YES;
				CLANG_WARN_OBJC_IMPLICIT_RETAIN_SELF = YES;
				CLANG_WARN_OBJC_LITERAL_CONVERSION = YES;
				CLANG_WARN_OBJC_ROOT_CLASS = YES_ERROR;
				CLANG_WARN_QUOTED_INCLUDE_IN_FRAMEWORK_HEADER = YES;
				CLANG_WARN_RANGE_LOOP_ANALYSIS = YES;
				CLANG_WARN_STRICT_PROTOTYPES = YES;
				CLANG_WARN_SUSPICIOUS_MOVE = YES;
				CLANG_WARN_UNGUARDED_AVAILABILITY = YES_AGGRESSIVE;
				CLANG_WARN_UNREACHABLE_CODE = YES;
				CLANG_WARN__DUPLICATE_METHOD_MATCH = YES;
				COPY_PHASE_STRIP = NO;
				DEBUG_INFORMATION_FORMAT = "dwarf-with-dsym";
				DEVELOPMENT_TEAM = P2RZK63V8Y;
				ENABLE_NS_ASSERTIONS = NO;
				ENABLE_STRICT_OBJC_MSGSEND = YES;
				ENABLE_USER_SCRIPT_SANDBOXING = YES;
				GCC_C_LANGUAGE_STANDARD = gnu17;
				GCC_NO_COMMON_BLOCKS = YES;
				GCC_WARN_64_TO_32_BIT_CONVERSION = YES;
				GCC_WARN_ABOUT_RETURN_TYPE = YES_ERROR;
				GCC_WARN_UNDECLARED_SELECTOR = YES;
				GCC_WARN_UNINITIALIZED_AUTOS = YES_AGGRESSIVE;
				GCC_WARN_UNUSED_FUNCTION = YES;
				GCC_WARN_UNUSED_VARIABLE = YES;
				IPHONEOS_DEPLOYMENT_TARGET = 17.0;
				LOCALIZATION_PREFERS_STRING_CATALOGS = YES;
				MTL_ENABLE_DEBUG_INFO = NO;
				MTL_FAST_MATH = YES;
				SDKROOT = iphoneos;
				STRING_CATALOG_GENERATE_SYMBOLS = YES;
				SWIFT_COMPILATION_MODE = wholemodule;
				VALIDATE_PRODUCT = YES;
			};
			name = Release;
		};
		X10006 /* Debug */ = {
			isa = XCBuildConfiguration;
			buildSettings = {
				ASSETCATALOG_COMPILER_APPICON_NAME = AppIcon;
				ASSETCATALOG_COMPILER_GLOBAL_ACCENT_COLOR_NAME = AccentColor;
				CODE_SIGN_IDENTITY = "Apple Development";
				CODE_SIGN_STYLE = Automatic;
				CURRENT_PROJECT_VERSION = 1;
				DEVELOPMENT_TEAM = P2RZK63V8Y;
				GENERATE_INFOPLIST_FILE = YES;
				INFOPLIST_FILE = FaceFitAR/Info.plist;
				INFOPLIST_KEY_CFBundleDisplayName = "FaceFit AR";
				INFOPLIST_KEY_LSApplicationCategoryType = "public.app-category.entertainment";
				INFOPLIST_KEY_NSCameraUsageDescription = "FaceFit AR needs camera access to detect your face and apply AR filters in real-time.";
				INFOPLIST_KEY_NSPhotoLibraryAddUsageDescription = "FaceFit AR needs photo library access to save your filtered photos.";
				INFOPLIST_KEY_UIApplicationSceneManifest_Generation = YES;
				INFOPLIST_KEY_UIApplicationSupportsIndirectInputEvents = YES;
				INFOPLIST_KEY_UILaunchScreen_Generation = YES;
				INFOPLIST_KEY_UISupportedInterfaceOrientations_iPad = "UIInterfaceOrientationPortrait UIInterfaceOrientationPortraitUpsideDown UIInterfaceOrientationLandscapeLeft UIInterfaceOrientationLandscapeRight";
				INFOPLIST_KEY_UISupportedInterfaceOrientations_iPhone = UIInterfaceOrientationPortrait;
				LD_RUNPATH_SEARCH_PATHS = (
					"$(inherited)",
					"@executable_path/Frameworks",
				);
				MARKETING_VERSION = 1.0;
				PRODUCT_BUNDLE_IDENTIFIER = com.facefitar.app;
				PRODUCT_NAME = "$(TARGET_NAME)";
				PROVISIONING_PROFILE_SPECIFIER = "";
				SUPPORTED_PLATFORMS = "iphoneos iphonesimulator";
				SUPPORTS_MACCATALYST = NO;
				SWIFT_EMIT_LOC_STRINGS = YES;
				SWIFT_VERSION = 5.0;
				TARGETED_DEVICE_FAMILY = 1;
			};
			name = Debug;
		};
		X10007 /* Release */ = {
			isa = XCBuildConfiguration;
			buildSettings = {
				ASSETCATALOG_COMPILER_APPICON_NAME = AppIcon;
				ASSETCATALOG_COMPILER_GLOBAL_ACCENT_COLOR_NAME = AccentColor;
				CODE_SIGN_IDENTITY = "Apple Development";
				CODE_SIGN_STYLE = Automatic;
				CURRENT_PROJECT_VERSION = 1;
				DEVELOPMENT_TEAM = P2RZK63V8Y;
				GENERATE_INFOPLIST_FILE = YES;
				INFOPLIST_FILE = FaceFitAR/Info.plist;
				INFOPLIST_KEY_CFBundleDisplayName = "FaceFit AR";
				INFOPLIST_KEY_LSApplicationCategoryType = "public.app-category.entertainment";
				INFOPLIST_KEY_NSCameraUsageDescription = "FaceFit AR needs camera access to detect your face and apply AR filters in real-time.";
				INFOPLIST_KEY_NSPhotoLibraryAddUsageDescription = "FaceFit AR needs photo library access to save your filtered photos.";
				INFOPLIST_KEY_UIApplicationSceneManifest_Generation = YES;
				INFOPLIST_KEY_UIApplicationSupportsIndirectInputEvents = YES;
				INFOPLIST_KEY_UILaunchScreen_Generation = YES;
				INFOPLIST_KEY_UISupportedInterfaceOrientations_iPad = "UIInterfaceOrientationPortrait UIInterfaceOrientationPortraitUpsideDown UIInterfaceOrientationLandscapeLeft UIInterfaceOrientationLandscapeRight";
				INFOPLIST_KEY_UISupportedInterfaceOrientations_iPhone = UIInterfaceOrientationPortrait;
				LD_RUNPATH_SEARCH_PATHS = (
					"$(inherited)",
					"@executable_path/Frameworks",
				);
				MARKETING_VERSION = 1.0;
				PRODUCT_BUNDLE_IDENTIFIER = com.facefitar.app;
				PRODUCT_NAME = "$(TARGET_NAME)";
				PROVISIONING_PROFILE_SPECIFIER = "";
				SUPPORTED_PLATFORMS = "iphoneos iphonesimulator";
				SUPPORTS_MACCATALYST = NO;
				SWIFT_EMIT_LOC_STRINGS = YES;
				SWIFT_VERSION = 5.0;
				TARGETED_DEVICE_FAMILY = 1;
			};
			name = Release;
		};
/* End XCBuildConfiguration section */

/* Begin XCConfigurationList section */
		X10001 /* Build configuration list for PBXProject "FaceFitAR" */ = {
			isa = XCConfigurationList;
			buildConfigurations = (
				X10004 /* Debug */,
				X10005 /* Release */,
			);
			defaultConfigurationIsVisible = 0;
			defaultConfigurationName = Release;
		};
		X10003 /* Build configuration list for PBXNativeTarget "FaceFitAR" */ = {
			isa = XCConfigurationList;
			buildConfigurations = (
				X10006 /* Debug */,
				X10007 /* Release */,
			);
			defaultConfigurationIsVisible = 0;
			defaultConfigurationName = Release;
		};
/* End XCConfigurationList section */

/* Begin XCRemoteSwiftPackageReference section */
		E10001 /* XCRemoteSwiftPackageReference "firebase-ios-sdk" */ = {
			isa = XCRemoteSwiftPackageReference;
			repositoryURL = "https://github.com/firebase/firebase-ios-sdk";
			requirement = {
				kind = upToNextMajorVersion;
				minimumVersion = 11.0.0;
			};
		};
/* End XCRemoteSwiftPackageReference section */

/* Begin XCSwiftPackageProductDependency section */
		D10001 /* FirebaseAuth */ = {
			isa = XCSwiftPackageProductDependency;
			package = E10001 /* XCRemoteSwiftPackageReference "firebase-ios-sdk" */;
			productName = FirebaseAuth;
		};
		D10002 /* FirebaseFirestore */ = {
			isa = XCSwiftPackageProductDependency;
			package = E10001 /* XCRemoteSwiftPackageReference "firebase-ios-sdk" */;
			productName = FirebaseFirestore;
		};
		D10003 /* FirebaseCore */ = {
			isa = XCSwiftPackageProductDependency;
			package = E10001 /* XCRemoteSwiftPackageReference "firebase-ios-sdk" */;
			productName = FirebaseCore;
		};
/* End XCSwiftPackageProductDependency section */
	};
	rootObject = P10001 /* Project object */;
}
